
Microsoft Visual Studio Solution File, Format Version 12.00
# Visual Studio 2015
Project("{FAE04EC0-301F-11D3-BF4B-00C04F79EFBC}") = "Audiomancer", "Audiomancer.csproj", "{42A19FE2-F89B-7B26-884B-910C2E32F8D1}"
EndProject
Project("{FAE04EC0-301F-11D3-BF4B-00C04F79EFBC}") = "Audiomancer.Editor", "Audiomancer.Editor.csproj", "{BFDA7402-47A6-6639-7FE7-68CB7F5CA4F3}"
EndProject
Global
	GlobalSection(SolutionConfigurationPlatforms) = preSolution
		Debug|Any CPU = Debug|Any CPU
		Release|Any CPU = Release|Any CPU
	EndGlobalSection
	GlobalSection(ProjectConfigurationPlatforms) = postSolution
		{42A19FE2-F89B-7B26-884B-910C2E32F8D1}.Debug|Any CPU.ActiveCfg = Debug|Any CPU
		{42A19FE2-F89B-7B26-884B-910C2E32F8D1}.Debug|Any CPU.Build.0 = Debug|Any CPU
		{42A19FE2-F89B-7B26-884B-910C2E32F8D1}.Release|Any CPU.ActiveCfg = Release|Any CPU
		{42A19FE2-F89B-7B26-884B-910C2E32F8D1}.Release|Any CPU.Build.0 = Release|Any CPU
		{BFDA7402-47A6-6639-7FE7-68CB7F5CA4F3}.Debug|Any CPU.ActiveCfg = Debug|Any CPU
		{BFDA7402-47A6-6639-7FE7-68CB7F5CA4F3}.Debug|Any CPU.Build.0 = Debug|Any CPU
		{BFDA7402-47A6-6639-7FE7-68CB7F5CA4F3}.Release|Any CPU.ActiveCfg = Release|Any CPU
		{BFDA7402-47A6-6639-7FE7-68CB7F5CA4F3}.Release|Any CPU.Build.0 = Release|Any CPU
	EndGlobalSection
	GlobalSection(SolutionProperties) = preSolution
		HideSolutionNode = FALSE
	EndGlobalSection
EndGlobal
